
Microsoft Visual Studio Solution File, Format Version 12.00
# Visual Studio Version 17
VisualStudioVersion = 17.11.35303.130
MinimumVisualStudioVersion = 10.0.40219.1
Project("{FAE04EC0-301F-11D3-BF4B-00C04F79EFBC}") = "BOTyanya", "BOTyanya.csproj", "{81554A3B-3174-4504-AF68-7A2FE1244E83}"
EndProject
Global
	GlobalSection(SolutionConfigurationPlatforms) = preSolution
		Debug|Any CPU = Debug|Any CPU
		Release|Any CPU = Release|Any CPU
	EndGlobalSection
	GlobalSection(ProjectConfigurationPlatforms) = postSolution
		{81554A3B-3174-4504-AF68-7A2FE1244E83}.Debug|Any CPU.ActiveCfg = Debug|Any CPU
		{81554A3B-3174-4504-AF68-7A2FE1244E83}.Debug|Any CPU.Build.0 = Debug|Any CPU
		{81554A3B-3174-4504-AF68-7A2FE1244E83}.Release|Any CPU.ActiveCfg = Release|Any CPU
		{81554A3B-3174-4504-AF68-7A2FE1244E83}.Release|Any CPU.Build.0 = Release|Any CPU
	EndGlobalSection
	GlobalSection(SolutionProperties) = preSolution
		HideSolutionNode = FALSE
	EndGlobalSection
	GlobalSection(ExtensibilityGlobals) = postSolution
		SolutionGuid = {84B68A62-BFF4-4BE1-BBB0-5DE15AD75BAD}
	EndGlobalSection
EndGlobal
